
Microsoft Visual Studio Solution File, Format Version 12.00
# Visual Studio Version 17
VisualStudioVersion = 17.5.33530.505
MinimumVisualStudioVersion = 10.0.40219.1
Project("{FAE04EC0-301F-11D3-BF4B-00C04F79EFBC}") = "SmartSchool.API", "SmartSchool.API\SmartSchool.API.csproj", "{72E8DBA3-7C35-4FA9-9DB3-33691FFA1A71}"
EndProject
Global
	GlobalSection(SolutionConfigurationPlatforms) = preSolution
		Debug|Any CPU = Debug|Any CPU
		Release|Any CPU = Release|Any CPU
	EndGlobalSection
	GlobalSection(ProjectConfigurationPlatforms) = postSolution
		{72E8DBA3-7C35-4FA9-9DB3-33691FFA1A71}.Debug|Any CPU.ActiveCfg = Debug|Any CPU
		{72E8DBA3-7C35-4FA9-9DB3-33691FFA1A71}.Debug|Any CPU.Build.0 = Debug|Any CPU
		{72E8DBA3-7C35-4FA9-9DB3-33691FFA1A71}.Release|Any CPU.ActiveCfg = Release|Any CPU
		{72E8DBA3-7C35-4FA9-9DB3-33691FFA1A71}.Release|Any CPU.Build.0 = Release|Any CPU
	EndGlobalSection
	GlobalSection(SolutionProperties) = preSolution
		HideSolutionNode = FALSE
	EndGlobalSection
	GlobalSection(ExtensibilityGlobals) = postSolution
		SolutionGuid = {4BD18D95-A61E-4E64-8F47-EE544B4B9396}
	EndGlobalSection
EndGlobal
